
Microsoft Visual Studio Solution File, Format Version 12.00
# Visual Studio Version 16
VisualStudioVersion = 16.0.33214.272
MinimumVisualStudioVersion = 10.0.40219.1
Project("{9A19103F-16F7-4668-BE54-9A1E7A4F7556}") = "Catalog.API", "Catalog.API\Catalog.API.csproj", "{A0198076-7A1A-43AE-8824-D4840C8A6E2A}"
EndProject
Project("{FAE04EC0-301F-11D3-BF4B-00C04F79EFBC}") = "Basket.API", "Basket.API\Basket.API.csproj", "{231ED1EC-7DBC-4552-A743-00698962DDCC}"
EndProject
Project("{FAE04EC0-301F-11D3-BF4B-00C04F79EFBC}") = "Auth.API", "Auth.API\Auth.API.csproj", "{1C9A4671-31D6-4B6D-841D-42717F70411E}"
EndProject
Global
	GlobalSection(SolutionConfigurationPlatforms) = preSolution
		Debug|Any CPU = Debug|Any CPU
		Release|Any CPU = Release|Any CPU
	EndGlobalSection
	GlobalSection(ProjectConfigurationPlatforms) = postSolution
		{A0198076-7A1A-43AE-8824-D4840C8A6E2A}.Debug|Any CPU.ActiveCfg = Debug|Any CPU
		{A0198076-7A1A-43AE-8824-D4840C8A6E2A}.Debug|Any CPU.Build.0 = Debug|Any CPU
		{A0198076-7A1A-43AE-8824-D4840C8A6E2A}.Release|Any CPU.ActiveCfg = Release|Any CPU
		{A0198076-7A1A-43AE-8824-D4840C8A6E2A}.Release|Any CPU.Build.0 = Release|Any CPU
		{231ED1EC-7DBC-4552-A743-00698962DDCC}.Debug|Any CPU.ActiveCfg = Debug|Any CPU
		{231ED1EC-7DBC-4552-A743-00698962DDCC}.Debug|Any CPU.Build.0 = Debug|Any CPU
		{231ED1EC-7DBC-4552-A743-00698962DDCC}.Release|Any CPU.ActiveCfg = Release|Any CPU
		{231ED1EC-7DBC-4552-A743-00698962DDCC}.Release|Any CPU.Build.0 = Release|Any CPU
		{1C9A4671-31D6-4B6D-841D-42717F70411E}.Debug|Any CPU.ActiveCfg = Debug|Any CPU
		{1C9A4671-31D6-4B6D-841D-42717F70411E}.Debug|Any CPU.Build.0 = Debug|Any CPU
		{1C9A4671-31D6-4B6D-841D-42717F70411E}.Release|Any CPU.ActiveCfg = Release|Any CPU
		{1C9A4671-31D6-4B6D-841D-42717F70411E}.Release|Any CPU.Build.0 = Release|Any CPU
	EndGlobalSection
	GlobalSection(SolutionProperties) = preSolution
		HideSolutionNode = FALSE
	EndGlobalSection
	GlobalSection(ExtensibilityGlobals) = postSolution
		SolutionGuid = {ED81C47F-EF2E-4350-9FA7-08FF5073AEF6}
	EndGlobalSection
EndGlobal
